
Microsoft Visual Studio Solution File, Format Version 12.00
# Visual Studio 15
VisualStudioVersion = 15.0.28307.902
MinimumVisualStudioVersion = 10.0.40219.1
Project("{FAE04EC0-301F-11D3-BF4B-00C04F79EFBC}") = "ImHere.UWP", "ImHere\ImHere.UWP\ImHere.UWP.csproj", "{3D5FF01C-4C15-4BC5-9F92-5ED3E59B24C8}"
EndProject
Project("{FAE04EC0-301F-11D3-BF4B-00C04F79EFBC}") = "ImHere", "ImHere\ImHere\ImHere.csproj", "{8E79FE86-9BDB-4ED3-9073-60FB3A021E96}"
EndProject
Project("{FAE04EC0-301F-11D3-BF4B-00C04F79EFBC}") = "ImHere.Functions", "ImHere.Functions\ImHere.Functions.csproj", "{C5FB5078-8697-42AC-9991-ECB189A53A48}"
EndProject
Project("{FAE04EC0-301F-11D3-BF4B-00C04F79EFBC}") = "ImHere.Data", "ImHere.Data\ImHere.Data.csproj", "{3214BEA5-8726-4C47-875E-8E202927FB07}"
EndProject
Global
	GlobalSection(SolutionConfigurationPlatforms) = preSolution
		Debug|Any CPU = Debug|Any CPU
		Debug|ARM = Debug|ARM
		Debug|x64 = Debug|x64
		Debug|x86 = Debug|x86
		Release|Any CPU = Release|Any CPU
		Release|ARM = Release|ARM
		Release|x64 = Release|x64
		Release|x86 = Release|x86
	EndGlobalSection
	GlobalSection(ProjectConfigurationPlatforms) = postSolution
		{3D5FF01C-4C15-4BC5-9F92-5ED3E59B24C8}.Debug|Any CPU.ActiveCfg = Debug|x86
		{3D5FF01C-4C15-4BC5-9F92-5ED3E59B24C8}.Debug|Any CPU.Build.0 = Debug|x86
		{3D5FF01C-4C15-4BC5-9F92-5ED3E59B24C8}.Debug|Any CPU.Deploy.0 = Debug|x86
		{3D5FF01C-4C15-4BC5-9F92-5ED3E59B24C8}.Debug|ARM.ActiveCfg = Debug|ARM
		{3D5FF01C-4C15-4BC5-9F92-5ED3E59B24C8}.Debug|ARM.Build.0 = Debug|ARM
		{3D5FF01C-4C15-4BC5-9F92-5ED3E59B24C8}.Debug|ARM.Deploy.0 = Debug|ARM
		{3D5FF01C-4C15-4BC5-9F92-5ED3E59B24C8}.Debug|x64.ActiveCfg = Debug|x64
		{3D5FF01C-4C15-4BC5-9F92-5ED3E59B24C8}.Debug|x64.Build.0 = Debug|x64
		{3D5FF01C-4C15-4BC5-9F92-5ED3E59B24C8}.Debug|x64.Deploy.0 = Debug|x64
		{3D5FF01C-4C15-4BC5-9F92-5ED3E59B24C8}.Debug|x86.ActiveCfg = Debug|x86
		{3D5FF01C-4C15-4BC5-9F92-5ED3E59B24C8}.Debug|x86.Build.0 = Debug|x86
		{3D5FF01C-4C15-4BC5-9F92-5ED3E59B24C8}.Debug|x86.Deploy.0 = Debug|x86
		{3D5FF01C-4C15-4BC5-9F92-5ED3E59B24C8}.Release|Any CPU.ActiveCfg = Release|x86
		{3D5FF01C-4C15-4BC5-9F92-5ED3E59B24C8}.Release|Any CPU.Build.0 = Release|x86
		{3D5FF01C-4C15-4BC5-9F92-5ED3E59B24C8}.Release|Any CPU.Deploy.0 = Release|x86
		{3D5FF01C-4C15-4BC5-9F92-5ED3E59B24C8}.Release|ARM.ActiveCfg = Release|ARM
		{3D5FF01C-4C15-4BC5-9F92-5ED3E59B24C8}.Release|ARM.Build.0 = Release|ARM
		{3D5FF01C-4C15-4BC5-9F92-5ED3E59B24C8}.Release|ARM.Deploy.0 = Release|ARM
		{3D5FF01C-4C15-4BC5-9F92-5ED3E59B24C8}.Release|x64.ActiveCfg = Release|x64
		{3D5FF01C-4C15-4BC5-9F92-5ED3E59B24C8}.Release|x64.Build.0 = Release|x64
		{3D5FF01C-4C15-4BC5-9F92-5ED3E59B24C8}.Release|x64.Deploy.0 = Release|x64
		{3D5FF01C-4C15-4BC5-9F92-5ED3E59B24C8}.Release|x86.ActiveCfg = Release|x86
		{3D5FF01C-4C15-4BC5-9F92-5ED3E59B24C8}.Release|x86.Build.0 = Release|x86
		{3D5FF01C-4C15-4BC5-9F92-5ED3E59B24C8}.Release|x86.Deploy.0 = Release|x86
		{8E79FE86-9BDB-4ED3-9073-60FB3A021E96}.Debug|Any CPU.ActiveCfg = Debug|Any CPU
		{8E79FE86-9BDB-4ED3-9073-60FB3A021E96}.Debug|Any CPU.Build.0 = Debug|Any CPU
		{8E79FE86-9BDB-4ED3-9073-60FB3A021E96}.Debug|Any CPU.Deploy.0 = Debug|Any CPU
		{8E79FE86-9BDB-4ED3-9073-60FB3A021E96}.Debug|ARM.ActiveCfg = Debug|Any CPU
		{8E79FE86-9BDB-4ED3-9073-60FB3A021E96}.Debug|ARM.Build.0 = Debug|Any CPU
		{8E79FE86-9BDB-4ED3-9073-60FB3A021E96}.Debug|ARM.Deploy.0 = Debug|Any CPU
		{8E79FE86-9BDB-4ED3-9073-60FB3A021E96}.Debug|x64.ActiveCfg = Debug|Any CPU
		{8E79FE86-9BDB-4ED3-9073-60FB3A021E96}.Debug|x64.Build.0 = Debug|Any CPU
		{8E79FE86-9BDB-4ED3-9073-60FB3A021E96}.Debug|x64.Deploy.0 = Debug|Any CPU
		{8E79FE86-9BDB-4ED3-9073-60FB3A021E96}.Debug|x86.ActiveCfg = Debug|Any CPU
		{8E79FE86-9BDB-4ED3-9073-60FB3A021E96}.Debug|x86.Build.0 = Debug|Any CPU
		{8E79FE86-9BDB-4ED3-9073-60FB3A021E96}.Debug|x86.Deploy.0 = Debug|Any CPU
		{8E79FE86-9BDB-4ED3-9073-60FB3A021E96}.Release|Any CPU.ActiveCfg = Release|Any CPU
		{8E79FE86-9BDB-4ED3-9073-60FB3A021E96}.Release|Any CPU.Build.0 = Release|Any CPU
		{8E79FE86-9BDB-4ED3-9073-60FB3A021E96}.Release|Any CPU.Deploy.0 = Release|Any CPU
		{8E79FE86-9BDB-4ED3-9073-60FB3A021E96}.Release|ARM.ActiveCfg = Release|Any CPU
		{8E79FE86-9BDB-4ED3-9073-60FB3A021E96}.Release|ARM.Build.0 = Release|Any CPU
		{8E79FE86-9BDB-4ED3-9073-60FB3A021E96}.Release|ARM.Deploy.0 = Release|Any CPU
		{8E79FE86-9BDB-4ED3-9073-60FB3A021E96}.Release|x64.ActiveCfg = Release|Any CPU
		{8E79FE86-9BDB-4ED3-9073-60FB3A021E96}.Release|x64.Build.0 = Release|Any CPU
		{8E79FE86-9BDB-4ED3-9073-60FB3A021E96}.Release|x64.Deploy.0 = Release|Any CPU
		{8E79FE86-9BDB-4ED3-9073-60FB3A021E96}.Release|x86.ActiveCfg = Release|Any CPU
		{8E79FE86-9BDB-4ED3-9073-60FB3A021E96}.Release|x86.Build.0 = Release|Any CPU
		{8E79FE86-9BDB-4ED3-9073-60FB3A021E96}.Release|x86.Deploy.0 = Release|Any CPU
		{C5FB5078-8697-42AC-9991-ECB189A53A48}.Debug|Any CPU.ActiveCfg = Debug|Any CPU
		{C5FB5078-8697-42AC-9991-ECB189A53A48}.Debug|Any CPU.Build.0 = Debug|Any CPU
		{C5FB5078-8697-42AC-9991-ECB189A53A48}.Debug|ARM.ActiveCfg = Debug|Any CPU
		{C5FB5078-8697-42AC-9991-ECB189A53A48}.Debug|ARM.Build.0 = Debug|Any CPU
		{C5FB5078-8697-42AC-9991-ECB189A53A48}.Debug|x64.ActiveCfg = Debug|Any CPU
		{C5FB5078-8697-42AC-9991-ECB189A53A48}.Debug|x64.Build.0 = Debug|Any CPU
		{C5FB5078-8697-42AC-9991-ECB189A53A48}.Debug|x86.ActiveCfg = Debug|Any CPU
		{C5FB5078-8697-42AC-9991-ECB189A53A48}.Debug|x86.Build.0 = Debug|Any CPU
		{C5FB5078-8697-42AC-9991-ECB189A53A48}.Release|Any CPU.ActiveCfg = Release|Any CPU
		{C5FB5078-8697-42AC-9991-ECB189A53A48}.Release|Any CPU.Build.0 = Release|Any CPU
		{C5FB5078-8697-42AC-9991-ECB189A53A48}.Release|ARM.ActiveCfg = Release|Any CPU
		{C5FB5078-8697-42AC-9991-ECB189A53A48}.Release|ARM.Build.0 = Release|Any CPU
		{C5FB5078-8697-42AC-9991-ECB189A53A48}.Release|x64.ActiveCfg = Release|Any CPU
		{C5FB5078-8697-42AC-9991-ECB189A53A48}.Release|x64.Build.0 = Release|Any CPU
		{C5FB5078-8697-42AC-9991-ECB189A53A48}.Release|x86.ActiveCfg = Release|Any CPU
		{C5FB5078-8697-42AC-9991-ECB189A53A48}.Release|x86.Build.0 = Release|Any CPU
		{3214BEA5-8726-4C47-875E-8E202927FB07}.Debug|Any CPU.ActiveCfg = Debug|Any CPU
		{3214BEA5-8726-4C47-875E-8E202927FB07}.Debug|Any CPU.Build.0 = Debug|Any CPU
		{3214BEA5-8726-4C47-875E-8E202927FB07}.Debug|ARM.ActiveCfg = Debug|Any CPU
		{3214BEA5-8726-4C47-875E-8E202927FB07}.Debug|ARM.Build.0 = Debug|Any CPU
		{3214BEA5-8726-4C47-875E-8E202927FB07}.Debug|x64.ActiveCfg = Debug|Any CPU
		{3214BEA5-8726-4C47-875E-8E202927FB07}.Debug|x64.Build.0 = Debug|Any CPU
		{3214BEA5-8726-4C47-875E-8E202927FB07}.Debug|x86.ActiveCfg = Debug|Any CPU
		{3214BEA5-8726-4C47-875E-8E202927FB07}.Debug|x86.Build.0 = Debug|Any CPU
		{3214BEA5-8726-4C47-875E-8E202927FB07}.Release|Any CPU.ActiveCfg = Release|Any CPU
		{3214BEA5-8726-4C47-875E-8E202927FB07}.Release|Any CPU.Build.0 = Release|Any CPU
		{3214BEA5-8726-4C47-875E-8E202927FB07}.Release|ARM.ActiveCfg = Release|Any CPU
		{3214BEA5-8726-4C47-875E-8E202927FB07}.Release|ARM.Build.0 = Release|Any CPU
		{3214BEA5-8726-4C47-875E-8E202927FB07}.Release|x64.ActiveCfg = Release|Any CPU
		{3214BEA5-8726-4C47-875E-8E202927FB07}.Release|x64.Build.0 = Release|Any CPU
		{3214BEA5-8726-4C47-875E-8E202927FB07}.Release|x86.ActiveCfg = Release|Any CPU
		{3214BEA5-8726-4C47-875E-8E202927FB07}.Release|x86.Build.0 = Release|Any CPU
	EndGlobalSection
	GlobalSection(SolutionProperties) = preSolution
		HideSolutionNode = FALSE
	EndGlobalSection
	GlobalSection(ExtensibilityGlobals) = postSolution
		SolutionGuid = {F62241FE-3C33-4313-A79B-E3A6C229AF37}
	EndGlobalSection
EndGlobal
